
Microsoft Visual Studio Solution File, Format Version 12.00
# Visual Studio 15
VisualStudioVersion = 15.0.28307.1259
MinimumVisualStudioVersion = 10.0.40219.1
Project("{8BC9CEB8-8B4A-11D0-8D11-00A0C91BC942}") = "다이나믹 프로그래밍", "다이나믹 프로그래밍\다이나믹 프로그래밍.vcxproj", "{3A990119-73D8-42FC-8BF5-F39C3B29169C}"
EndProject
Global
	GlobalSection(SolutionConfigurationPlatforms) = preSolution
		Debug|x64 = Debug|x64
		Debug|x86 = Debug|x86
		Release|x64 = Release|x64
		Release|x86 = Release|x86
	EndGlobalSection
	GlobalSection(ProjectConfigurationPlatforms) = postSolution
		{3A990119-73D8-42FC-8BF5-F39C3B29169C}.Debug|x64.ActiveCfg = Debug|x64
		{3A990119-73D8-42FC-8BF5-F39C3B29169C}.Debug|x64.Build.0 = Debug|x64
		{3A990119-73D8-42FC-8BF5-F39C3B29169C}.Debug|x86.ActiveCfg = Debug|Win32
		{3A990119-73D8-42FC-8BF5-F39C3B29169C}.Debug|x86.Build.0 = Debug|Win32
		{3A990119-73D8-42FC-8BF5-F39C3B29169C}.Release|x64.ActiveCfg = Release|x64
		{3A990119-73D8-42FC-8BF5-F39C3B29169C}.Release|x64.Build.0 = Release|x64
		{3A990119-73D8-42FC-8BF5-F39C3B29169C}.Release|x86.ActiveCfg = Release|Win32
		{3A990119-73D8-42FC-8BF5-F39C3B29169C}.Release|x86.Build.0 = Release|Win32
	EndGlobalSection
	GlobalSection(SolutionProperties) = preSolution
		HideSolutionNode = FALSE
	EndGlobalSection
	GlobalSection(ExtensibilityGlobals) = postSolution
		SolutionGuid = {304DEC97-C103-4560-9A02-685FD2EC5AA0}
	EndGlobalSection
EndGlobal
